
Microsoft Visual Studio Solution File, Format Version 12.00
# Visual Studio Version 16
VisualStudioVersion = 16.0.31005.135
MinimumVisualStudioVersion = 10.0.40219.1
Project("{2150E333-8FDC-42A3-9474-1A3956D46DE8}") = "Presentation", "Presentation", "{0072A005-2C40-4DF7-B38F-80BA990E273B}"
EndProject
Project("{2150E333-8FDC-42A3-9474-1A3956D46DE8}") = "App", "App", "{E6389BCF-1DBE-4A89-8721-C3A92E84E229}"
EndProject
Project("{2150E333-8FDC-42A3-9474-1A3956D46DE8}") = "Domain", "Domain", "{D3ADC626-376E-435A-8088-EAD184B5ED2A}"
EndProject
Project("{2150E333-8FDC-42A3-9474-1A3956D46DE8}") = "Infra", "Infra", "{C6C0EC9E-B351-4A5A-AD75-A2579429DEE9}"
EndProject
Project("{9A19103F-16F7-4668-BE54-9A1E7A4F7556}") = "NumDecomp.Domain.Services", "NumDecomp.Domain.Services\NumDecomp.Domain.Services.csproj", "{93D4E499-C01F-4499-9A4B-19E9DE9D922F}"
	ProjectSection(ProjectDependencies) = postProject
		{74CCA42C-0DDF-4B99-865F-0B279EA6B22C} = {74CCA42C-0DDF-4B99-865F-0B279EA6B22C}
		{5727C2A2-E542-4258-8047-D784A094293A} = {5727C2A2-E542-4258-8047-D784A094293A}
	EndProjectSection
EndProject
Project("{9A19103F-16F7-4668-BE54-9A1E7A4F7556}") = "NumDecomp.Domain", "NumDecomp.Domain\NumDecomp.Domain.csproj", "{74CCA42C-0DDF-4B99-865F-0B279EA6B22C}"
EndProject
Project("{9A19103F-16F7-4668-BE54-9A1E7A4F7556}") = "NumDecomp.Domain.Core", "NumDecomp.Domain.Core\NumDecomp.Domain.Core.csproj", "{5727C2A2-E542-4258-8047-D784A094293A}"
EndProject
Project("{9A19103F-16F7-4668-BE54-9A1E7A4F7556}") = "NumDecomp.App.DTO", "NumDecomp.App.DTO\NumDecomp.App.DTO.csproj", "{5E68C0DD-4997-485D-B949-F2A7654D6105}"
EndProject
Project("{9A19103F-16F7-4668-BE54-9A1E7A4F7556}") = "NumDecompConsoleApp", "NumDecompConsoleApp\NumDecompConsoleApp.csproj", "{E5561AA0-486E-4C5F-AE09-312E2427E7F4}"
EndProject
Project("{2150E333-8FDC-42A3-9474-1A3956D46DE8}") = "CC", "CC", "{1C1986F4-40F2-4EBA-9CEA-7CE93B95D7B2}"
EndProject
Project("{9A19103F-16F7-4668-BE54-9A1E7A4F7556}") = "NumDecomp.Infra.CC.IOC", "NumDecomp.Infra.CC.IOC\NumDecomp.Infra.CC.IOC.csproj", "{173AB969-A977-4B79-8FC6-B6ACE763ABBA}"
EndProject
Project("{FAE04EC0-301F-11D3-BF4B-00C04F79EFBC}") = "NumDecompAPI", "NumDecompAPI\NumDecompAPI.csproj", "{82183A3D-76B2-458B-89E5-BD84590AC48C}"
EndProject
Project("{2150E333-8FDC-42A3-9474-1A3956D46DE8}") = "Test", "Test", "{81BF7DE9-29AF-45B5-8E58-CC9921D575E4}"
EndProject
Project("{FAE04EC0-301F-11D3-BF4B-00C04F79EFBC}") = "NumDecomp.Test", "NumDecomp.Test\NumDecomp.Test.csproj", "{F3606C83-70F7-447B-97CE-4F81EF4FA894}"
EndProject
Global
	GlobalSection(SolutionConfigurationPlatforms) = preSolution
		Debug|Any CPU = Debug|Any CPU
		Release|Any CPU = Release|Any CPU
	EndGlobalSection
	GlobalSection(ProjectConfigurationPlatforms) = postSolution
		{93D4E499-C01F-4499-9A4B-19E9DE9D922F}.Debug|Any CPU.ActiveCfg = Debug|Any CPU
		{93D4E499-C01F-4499-9A4B-19E9DE9D922F}.Debug|Any CPU.Build.0 = Debug|Any CPU
		{93D4E499-C01F-4499-9A4B-19E9DE9D922F}.Release|Any CPU.ActiveCfg = Release|Any CPU
		{93D4E499-C01F-4499-9A4B-19E9DE9D922F}.Release|Any CPU.Build.0 = Release|Any CPU
		{74CCA42C-0DDF-4B99-865F-0B279EA6B22C}.Debug|Any CPU.ActiveCfg = Debug|Any CPU
		{74CCA42C-0DDF-4B99-865F-0B279EA6B22C}.Debug|Any CPU.Build.0 = Debug|Any CPU
		{74CCA42C-0DDF-4B99-865F-0B279EA6B22C}.Release|Any CPU.ActiveCfg = Release|Any CPU
		{74CCA42C-0DDF-4B99-865F-0B279EA6B22C}.Release|Any CPU.Build.0 = Release|Any CPU
		{5727C2A2-E542-4258-8047-D784A094293A}.Debug|Any CPU.ActiveCfg = Debug|Any CPU
		{5727C2A2-E542-4258-8047-D784A094293A}.Debug|Any CPU.Build.0 = Debug|Any CPU
		{5727C2A2-E542-4258-8047-D784A094293A}.Release|Any CPU.ActiveCfg = Release|Any CPU
		{5727C2A2-E542-4258-8047-D784A094293A}.Release|Any CPU.Build.0 = Release|Any CPU
		{5E68C0DD-4997-485D-B949-F2A7654D6105}.Debug|Any CPU.ActiveCfg = Debug|Any CPU
		{5E68C0DD-4997-485D-B949-F2A7654D6105}.Debug|Any CPU.Build.0 = Debug|Any CPU
		{5E68C0DD-4997-485D-B949-F2A7654D6105}.Release|Any CPU.ActiveCfg = Release|Any CPU
		{5E68C0DD-4997-485D-B949-F2A7654D6105}.Release|Any CPU.Build.0 = Release|Any CPU
		{E5561AA0-486E-4C5F-AE09-312E2427E7F4}.Debug|Any CPU.ActiveCfg = Debug|Any CPU
		{E5561AA0-486E-4C5F-AE09-312E2427E7F4}.Debug|Any CPU.Build.0 = Debug|Any CPU
		{E5561AA0-486E-4C5F-AE09-312E2427E7F4}.Release|Any CPU.ActiveCfg = Release|Any CPU
		{E5561AA0-486E-4C5F-AE09-312E2427E7F4}.Release|Any CPU.Build.0 = Release|Any CPU
		{173AB969-A977-4B79-8FC6-B6ACE763ABBA}.Debug|Any CPU.ActiveCfg = Debug|Any CPU
		{173AB969-A977-4B79-8FC6-B6ACE763ABBA}.Debug|Any CPU.Build.0 = Debug|Any CPU
		{173AB969-A977-4B79-8FC6-B6ACE763ABBA}.Release|Any CPU.ActiveCfg = Release|Any CPU
		{173AB969-A977-4B79-8FC6-B6ACE763ABBA}.Release|Any CPU.Build.0 = Release|Any CPU
		{82183A3D-76B2-458B-89E5-BD84590AC48C}.Debug|Any CPU.ActiveCfg = Debug|Any CPU
		{82183A3D-76B2-458B-89E5-BD84590AC48C}.Debug|Any CPU.Build.0 = Debug|Any CPU
		{82183A3D-76B2-458B-89E5-BD84590AC48C}.Release|Any CPU.ActiveCfg = Release|Any CPU
		{82183A3D-76B2-458B-89E5-BD84590AC48C}.Release|Any CPU.Build.0 = Release|Any CPU
		{F3606C83-70F7-447B-97CE-4F81EF4FA894}.Debug|Any CPU.ActiveCfg = Debug|Any CPU
		{F3606C83-70F7-447B-97CE-4F81EF4FA894}.Debug|Any CPU.Build.0 = Debug|Any CPU
		{F3606C83-70F7-447B-97CE-4F81EF4FA894}.Release|Any CPU.ActiveCfg = Release|Any CPU
		{F3606C83-70F7-447B-97CE-4F81EF4FA894}.Release|Any CPU.Build.0 = Release|Any CPU
	EndGlobalSection
	GlobalSection(SolutionProperties) = preSolution
		HideSolutionNode = FALSE
	EndGlobalSection
	GlobalSection(NestedProjects) = preSolution
		{93D4E499-C01F-4499-9A4B-19E9DE9D922F} = {D3ADC626-376E-435A-8088-EAD184B5ED2A}
		{74CCA42C-0DDF-4B99-865F-0B279EA6B22C} = {D3ADC626-376E-435A-8088-EAD184B5ED2A}
		{5727C2A2-E542-4258-8047-D784A094293A} = {D3ADC626-376E-435A-8088-EAD184B5ED2A}
		{5E68C0DD-4997-485D-B949-F2A7654D6105} = {E6389BCF-1DBE-4A89-8721-C3A92E84E229}
		{E5561AA0-486E-4C5F-AE09-312E2427E7F4} = {0072A005-2C40-4DF7-B38F-80BA990E273B}
		{1C1986F4-40F2-4EBA-9CEA-7CE93B95D7B2} = {C6C0EC9E-B351-4A5A-AD75-A2579429DEE9}
		{173AB969-A977-4B79-8FC6-B6ACE763ABBA} = {1C1986F4-40F2-4EBA-9CEA-7CE93B95D7B2}
		{82183A3D-76B2-458B-89E5-BD84590AC48C} = {0072A005-2C40-4DF7-B38F-80BA990E273B}
		{F3606C83-70F7-447B-97CE-4F81EF4FA894} = {81BF7DE9-29AF-45B5-8E58-CC9921D575E4}
	EndGlobalSection
	GlobalSection(ExtensibilityGlobals) = postSolution
		SolutionGuid = {61EF70CF-85BB-4D46-808A-87E0ED73F25F}
	EndGlobalSection
EndGlobal
